{
  "name": "npm-dependency-playground",
  "version": "1.0.0",
  "lockfileVersion": 1,
  "requires": true,
  "dependencies": {
    "depa": {
      "version": "file:depA",
      "requires": {
        "depb": "file:depB"
      },
      "dependencies": {
        "depb": {
          "version": "file:depB",
          "requires": {
            "depc": "file:depC"
          },
          "dependencies": {
            "depc": {
              "version": "file:depC"
            }
          }
        }
      }
    }
  }
}
