{
  "name": "depa",
  "version": "1.0.0",
  "lockfileVersion": 1,
  "requires": true,
  "dependencies": {
    "depb": {
      "version": "file:../depB",
      "requires": {
        "depc": "file:../depC"
      },
      "dependencies": {
        "depc": {
          "version": "file:../depC"
        }
      }
    }
  }
}
